<?xml version="1.0" encoding="utf-8"?>
<Project ToolsVersion="4.0" xmlns="http://schemas.microsoft.com/developer/msbuild/2003">
  <ItemGroup>
    <Filter Include="Source Files">
      <UniqueIdentifier>{4FC737F1-C7A5-4376-A066-2A32D752A2FF}</UniqueIdentifier>
      <Extensions>cpp;c;cc;cxx;def;odl;idl;hpj;bat;asm;asmx</Extensions>
    </Filter>
    <Filter Include="Header Files">
      <UniqueIdentifier>{93995380-89BD-4b04-88EB-625FBE52EBFB}</UniqueIdentifier>
      <Extensions>h;hh;hpp;hxx;hm;inl;inc;xsd</Extensions>
    </Filter>
    <Filter Include="Resource Files">
      <UniqueIdentifier>{67DA6AB6-F800-4c08-8B7A-83BB121AAD01}</UniqueIdentifier>
      <Extensions>rc;ico;cur;bmp;dlg;rc2;rct;bin;rgs;gif;jpg;jpeg;jpe;resx;tiff;tif;png;wav;mfcribbon-ms</Extensions>
    </Filter>
  </ItemGroup>
  <ItemGroup>
    <Text Include="ReadMe.txt" />
  </ItemGroup>
  <ItemGroup>
    <ClInclude Include="stdafx.h">
      <Filter>Header Files</Filter>
    </ClInclude>
    <ClInclude Include="targetver.h">
      <Filter>Header Files</Filter>
    </ClInclude>
    <ClInclude Include="Resource.h">
      <Filter>Header Files</Filter>
    </ClInclude>
    <ClInclude Include="copter_graph.h">
      <Filter>Header Files</Filter>
    </ClInclude>
    <ClInclude Include="myButton.h">
      <Filter>Header Files</Filter>
    </ClInclude>
    <ClInclude Include="TButton.h">
      <Filter>Header Files</Filter>
    </ClInclude>
    <ClInclude Include="graph.h">
      <Filter>Header Files</Filter>
    </ClInclude>
    <ClInclude Include="gps.h">
      <Filter>Header Files</Filter>
    </ClInclude>
    <ClInclude Include="Text.h">
      <Filter>Header Files</Filter>
    </ClInclude>
    <ClInclude Include="MyMath.h">
      <Filter>Header Files</Filter>
    </ClInclude>
    <ClInclude Include="Mpu.h">
      <Filter>Header Files</Filter>
    </ClInclude>
    <ClInclude Include="Pressure.h">
      <Filter>Header Files</Filter>
    </ClInclude>
    <ClInclude Include="GPS_Loger.h">
      <Filter>Header Files</Filter>
    </ClInclude>
    <ClInclude Include="Balance.h">
      <Filter>Header Files</Filter>
    </ClInclude>
    <ClInclude Include="hmc.h">
      <Filter>Header Files</Filter>
    </ClInclude>
    <ClInclude Include="Telemetry.h">
      <Filter>Header Files</Filter>
    </ClInclude>
    <ClInclude Include="Stab.h">
      <Filter>Header Files</Filter>
    </ClInclude>
    <ClInclude Include="KalmanFilter.h">
      <Filter>Header Files</Filter>
    </ClInclude>
  </ItemGroup>
  <ItemGroup>
    <ClCompile Include="stdafx.cpp">
      <Filter>Source Files</Filter>
    </ClCompile>
    <ClCompile Include="copter_graph.cpp">
      <Filter>Source Files</Filter>
    </ClCompile>
    <ClCompile Include="myButton.cpp">
      <Filter>Source Files</Filter>
    </ClCompile>
    <ClCompile Include="TButton.cpp">
      <Filter>Source Files</Filter>
    </ClCompile>
    <ClCompile Include="graph.cpp">
      <Filter>Source Files</Filter>
    </ClCompile>
    <ClCompile Include="MyMath.cpp">
      <Filter>Source Files</Filter>
    </ClCompile>
    <ClCompile Include="Mpu.cpp">
      <Filter>Source Files</Filter>
    </ClCompile>
    <ClCompile Include="Pressure.cpp">
      <Filter>Source Files</Filter>
    </ClCompile>
    <ClCompile Include="GPS_Loger.cpp">
      <Filter>Source Files</Filter>
    </ClCompile>
    <ClCompile Include="Balance.cpp">
      <Filter>Source Files</Filter>
    </ClCompile>
    <ClCompile Include="hmc.cpp">
      <Filter>Source Files</Filter>
    </ClCompile>
    <ClCompile Include="Telemetry.cpp">
      <Filter>Source Files</Filter>
    </ClCompile>
    <ClCompile Include="Stab.cpp">
      <Filter>Source Files</Filter>
    </ClCompile>
    <ClCompile Include="KalmanFilter.cpp">
      <Filter>Source Files</Filter>
    </ClCompile>
  </ItemGroup>
  <ItemGroup>
    <ResourceCompile Include="copter_graph.rc">
      <Filter>Resource Files</Filter>
    </ResourceCompile>
  </ItemGroup>
  <ItemGroup>
    <Image Include="small.ico">
      <Filter>Resource Files</Filter>
    </Image>
    <Image Include="copter_graph.ico">
      <Filter>Resource Files</Filter>
    </Image>
  </ItemGroup>
</Project>